
Microsoft Visual Studio Solution File, Format Version 12.00
# Visual Studio Version 17
VisualStudioVersion = 17.9.34607.119
MinimumVisualStudioVersion = 10.0.40219.1
Project("{8BC9CEB8-8B4A-11D0-8D11-00A0C91BC942}") = "counting characters in a string", "counting characters in a string\counting characters in a string.vcxproj", "{393532F7-F0E6-406F-BF8D-9FB368D43A84}"
EndProject
Global
	GlobalSection(SolutionConfigurationPlatforms) = preSolution
		Debug|x64 = Debug|x64
		Debug|x86 = Debug|x86
		Release|x64 = Release|x64
		Release|x86 = Release|x86
	EndGlobalSection
	GlobalSection(ProjectConfigurationPlatforms) = postSolution
		{393532F7-F0E6-406F-BF8D-9FB368D43A84}.Debug|x64.ActiveCfg = Debug|x64
		{393532F7-F0E6-406F-BF8D-9FB368D43A84}.Debug|x64.Build.0 = Debug|x64
		{393532F7-F0E6-406F-BF8D-9FB368D43A84}.Debug|x86.ActiveCfg = Debug|Win32
		{393532F7-F0E6-406F-BF8D-9FB368D43A84}.Debug|x86.Build.0 = Debug|Win32
		{393532F7-F0E6-406F-BF8D-9FB368D43A84}.Release|x64.ActiveCfg = Release|x64
		{393532F7-F0E6-406F-BF8D-9FB368D43A84}.Release|x64.Build.0 = Release|x64
		{393532F7-F0E6-406F-BF8D-9FB368D43A84}.Release|x86.ActiveCfg = Release|Win32
		{393532F7-F0E6-406F-BF8D-9FB368D43A84}.Release|x86.Build.0 = Release|Win32
	EndGlobalSection
	GlobalSection(SolutionProperties) = preSolution
		HideSolutionNode = FALSE
	EndGlobalSection
	GlobalSection(ExtensibilityGlobals) = postSolution
		SolutionGuid = {D1D2067C-6EFE-485F-B527-CF93A1850C9D}
	EndGlobalSection
EndGlobal
