
Microsoft Visual Studio Solution File, Format Version 12.00
# Visual Studio Version 17
VisualStudioVersion = 17.9.34607.119
MinimumVisualStudioVersion = 10.0.40219.1
Project("{8BC9CEB8-8B4A-11D0-8D11-00A0C91BC942}") = "inserting an element into a specific location", "inserting an element into a specific location\inserting an element into a specific location.vcxproj", "{F53DFC39-D2D3-458E-A78C-109D953063CC}"
EndProject
Global
	GlobalSection(SolutionConfigurationPlatforms) = preSolution
		Debug|x64 = Debug|x64
		Debug|x86 = Debug|x86
		Release|x64 = Release|x64
		Release|x86 = Release|x86
	EndGlobalSection
	GlobalSection(ProjectConfigurationPlatforms) = postSolution
		{F53DFC39-D2D3-458E-A78C-109D953063CC}.Debug|x64.ActiveCfg = Debug|x64
		{F53DFC39-D2D3-458E-A78C-109D953063CC}.Debug|x64.Build.0 = Debug|x64
		{F53DFC39-D2D3-458E-A78C-109D953063CC}.Debug|x86.ActiveCfg = Debug|Win32
		{F53DFC39-D2D3-458E-A78C-109D953063CC}.Debug|x86.Build.0 = Debug|Win32
		{F53DFC39-D2D3-458E-A78C-109D953063CC}.Release|x64.ActiveCfg = Release|x64
		{F53DFC39-D2D3-458E-A78C-109D953063CC}.Release|x64.Build.0 = Release|x64
		{F53DFC39-D2D3-458E-A78C-109D953063CC}.Release|x86.ActiveCfg = Release|Win32
		{F53DFC39-D2D3-458E-A78C-109D953063CC}.Release|x86.Build.0 = Release|Win32
	EndGlobalSection
	GlobalSection(SolutionProperties) = preSolution
		HideSolutionNode = FALSE
	EndGlobalSection
	GlobalSection(ExtensibilityGlobals) = postSolution
		SolutionGuid = {B7CC515D-B628-4287-8157-A4A3FA998B82}
	EndGlobalSection
EndGlobal
